
Microsoft Visual Studio Solution File, Format Version 12.00
# Visual Studio Version 17
VisualStudioVersion = 17.11.35327.3
MinimumVisualStudioVersion = 10.0.40219.1
Project("{2150E333-8FDC-42A3-9474-1A3956D46DE8}") = "Futurama", "Futurama", "{516465DC-D39A-45E8-BAF6-CCE48D811917}"
	ProjectSection(SolutionItems) = preProject
		Futurama\README.md = Futurama\README.md
	EndProjectSection
EndProject
Project("{2150E333-8FDC-42A3-9474-1A3956D46DE8}") = "Data", "Data", "{F201A6D6-7D12-43A3-9739-403499724D71}"
	ProjectSection(SolutionItems) = preProject
		Futurama\Data\cast.json = Futurama\Data\cast.json
		Futurama\Data\characters.json = Futurama\Data\characters.json
		Futurama\Data\episodes.json = Futurama\Data\episodes.json
		Futurama\Data\info.json = Futurama\Data\info.json
		Futurama\Data\inventory.json = Futurama\Data\inventory.json
		Futurama\Data\questions.json = Futurama\Data\questions.json
	EndProjectSection
	ProjectSection(FolderGlobals) = preProject
		D_5_4Sync_4Code_4GitHub_4andylech_4demo-api-problemdetails-talk_4Futurama_4Data_4info_1json__JsonSchema = 
	EndProjectSection
EndProject
Project("{9A19103F-16F7-4668-BE54-9A1E7A4F7556}") = "ProblemDetailsApiDemo.Futurama.Models", "Futurama\Models\ProblemDetailsApiDemo.Futurama.Models.csproj", "{0A9A424D-CDC3-4250-9A9B-B98B77A72E73}"
EndProject
Project("{2150E333-8FDC-42A3-9474-1A3956D46DE8}") = "Models", "Models", "{275BAB15-4ED1-434C-9A4A-5BF8797FBD87}"
EndProject
Global
	GlobalSection(SolutionConfigurationPlatforms) = preSolution
		Debug|Any CPU = Debug|Any CPU
		Release|Any CPU = Release|Any CPU
	EndGlobalSection
	GlobalSection(ProjectConfigurationPlatforms) = postSolution
		{0A9A424D-CDC3-4250-9A9B-B98B77A72E73}.Debug|Any CPU.ActiveCfg = Debug|Any CPU
		{0A9A424D-CDC3-4250-9A9B-B98B77A72E73}.Debug|Any CPU.Build.0 = Debug|Any CPU
		{0A9A424D-CDC3-4250-9A9B-B98B77A72E73}.Release|Any CPU.ActiveCfg = Release|Any CPU
		{0A9A424D-CDC3-4250-9A9B-B98B77A72E73}.Release|Any CPU.Build.0 = Release|Any CPU
	EndGlobalSection
	GlobalSection(SolutionProperties) = preSolution
		HideSolutionNode = FALSE
	EndGlobalSection
	GlobalSection(NestedProjects) = preSolution
		{F201A6D6-7D12-43A3-9739-403499724D71} = {516465DC-D39A-45E8-BAF6-CCE48D811917}
		{0A9A424D-CDC3-4250-9A9B-B98B77A72E73} = {275BAB15-4ED1-434C-9A4A-5BF8797FBD87}
		{275BAB15-4ED1-434C-9A4A-5BF8797FBD87} = {516465DC-D39A-45E8-BAF6-CCE48D811917}
	EndGlobalSection
	GlobalSection(ExtensibilityGlobals) = postSolution
		SolutionGuid = {AA2EBC92-D52C-4C32-817D-6435D8FFED3F}
	EndGlobalSection
EndGlobal
